schema: '2.0'
stages:
  train:
    cmd: python -m deployment.training_pipeline
    deps:
    - path: data/raw/heart.csv
      hash: md5
      md5: ab21f2524241ed14b321bcaf40c8b86e
      size: 35921
    - path: deployment/training_pipeline.py
      hash: md5
      md5: b6bb1fb97d7a9c61b8f106d62a444895
      size: 667
    - path: src/data_ingestion.py
      hash: md5
      md5: 2340fab1895c13d58776e6ca5b163025
      size: 471
    - path: src/model_builder.py
      hash: md5
      md5: a0fe537dfc65a88370859f022dadfa58
      size: 1355
    - path: src/preprocessing.py
      hash: md5
      md5: 8fded0c7c4867d27c2761a07d0f843c4
      size: 2078
    outs:
    - path: artifacts/metrics/training_metrics.csv
      hash: md5
      md5: 84c817a56a48bba2b09db41f6d26e35d
      size: 33
    - path: artifacts/models/model.pkl
      hash: md5
      md5: 3d804b8fdc348ab706e5fc5bbab435c6
      size: 277305
